
Microsoft Visual Studio Solution File, Format Version 12.00
# Visual Studio Version 17
VisualStudioVersion = 17.9.34622.214
MinimumVisualStudioVersion = 10.0.40219.1
Project("{9A19103F-16F7-4668-BE54-9A1E7A4F7556}") = "TrackMS.WebAPI", "src\TrackMS.WebAPI\TrackMS.WebAPI.csproj", "{B043C9D4-D8F5-4CF5-AC71-11FCA729F7F4}"
EndProject
Project("{9A19103F-16F7-4668-BE54-9A1E7A4F7556}") = "TrackMS.AuthService", "src\TrackMS.AuthService\TrackMS.AuthService.csproj", "{149DEBD9-7951-4AA0-A3F1-5EB813D2946C}"
EndProject
Project("{9A19103F-16F7-4668-BE54-9A1E7A4F7556}") = "TrackMS.Domain", "src\TrackMS.Domain\TrackMS.Domain.csproj", "{1EC58C4C-8A04-42E0-BA75-05F622F9FB37}"
EndProject
Project("{FAE04EC0-301F-11D3-BF4B-00C04F79EFBC}") = "TrackMS.Data", "src\TrackMS.Data\TrackMS.Data.csproj", "{684510D4-63F4-409E-AD82-E40E335D16EA}"
EndProject
Global
	GlobalSection(SolutionConfigurationPlatforms) = preSolution
		Debug|Any CPU = Debug|Any CPU
		Release|Any CPU = Release|Any CPU
	EndGlobalSection
	GlobalSection(ProjectConfigurationPlatforms) = postSolution
		{B043C9D4-D8F5-4CF5-AC71-11FCA729F7F4}.Debug|Any CPU.ActiveCfg = Debug|Any CPU
		{B043C9D4-D8F5-4CF5-AC71-11FCA729F7F4}.Debug|Any CPU.Build.0 = Debug|Any CPU
		{B043C9D4-D8F5-4CF5-AC71-11FCA729F7F4}.Release|Any CPU.ActiveCfg = Release|Any CPU
		{B043C9D4-D8F5-4CF5-AC71-11FCA729F7F4}.Release|Any CPU.Build.0 = Release|Any CPU
		{149DEBD9-7951-4AA0-A3F1-5EB813D2946C}.Debug|Any CPU.ActiveCfg = Debug|Any CPU
		{149DEBD9-7951-4AA0-A3F1-5EB813D2946C}.Debug|Any CPU.Build.0 = Debug|Any CPU
		{149DEBD9-7951-4AA0-A3F1-5EB813D2946C}.Release|Any CPU.ActiveCfg = Release|Any CPU
		{149DEBD9-7951-4AA0-A3F1-5EB813D2946C}.Release|Any CPU.Build.0 = Release|Any CPU
		{1EC58C4C-8A04-42E0-BA75-05F622F9FB37}.Debug|Any CPU.ActiveCfg = Debug|Any CPU
		{1EC58C4C-8A04-42E0-BA75-05F622F9FB37}.Debug|Any CPU.Build.0 = Debug|Any CPU
		{1EC58C4C-8A04-42E0-BA75-05F622F9FB37}.Release|Any CPU.ActiveCfg = Release|Any CPU
		{1EC58C4C-8A04-42E0-BA75-05F622F9FB37}.Release|Any CPU.Build.0 = Release|Any CPU
		{684510D4-63F4-409E-AD82-E40E335D16EA}.Debug|Any CPU.ActiveCfg = Debug|Any CPU
		{684510D4-63F4-409E-AD82-E40E335D16EA}.Debug|Any CPU.Build.0 = Debug|Any CPU
		{684510D4-63F4-409E-AD82-E40E335D16EA}.Release|Any CPU.ActiveCfg = Release|Any CPU
		{684510D4-63F4-409E-AD82-E40E335D16EA}.Release|Any CPU.Build.0 = Release|Any CPU
	EndGlobalSection
	GlobalSection(SolutionProperties) = preSolution
		HideSolutionNode = FALSE
	EndGlobalSection
	GlobalSection(ExtensibilityGlobals) = postSolution
		SolutionGuid = {31F43E82-6600-428B-B0FB-43C5719F8C89}
	EndGlobalSection
EndGlobal
